// !$*UTF8*$!
{
	archiveVersion = 1;
	classes = {
	};
	objectVersion = 50;
	objects = {

/* Begin PBXBuildFile section */
		57E09AA32109FB9D004BC9B5 /* AppDelegate.swift in Sources */ = {isa = PBXBuildFile; fileRef = 57E09AA22109FB9D004BC9B5 /* AppDelegate.swift */; };
		57E09AA52109FB9D004BC9B5 /* ViewController.swift in Sources */ = {isa = PBXBuildFile; fileRef = 57E09AA42109FB9D004BC9B5 /* ViewController.swift */; };
		57E09AA82109FB9D004BC9B5 /* Main.storyboard in Resources */ = {isa = PBXBuildFile; fileRef = 57E09AA62109FB9D004BC9B5 /* Main.storyboard */; };
		57E09AAA2109FBB0004BC9B5 /* Assets.xcassets in Resources */ = {isa = PBXBuildFile; fileRef = 57E09AA92109FBB0004BC9B5 /* Assets.xcassets */; };
		57E09AAD2109FBB1004BC9B5 /* LaunchScreen.storyboard in Resources */ = {isa = PBXBuildFile; fileRef = 57E09AAB2109FBB1004BC9B5 /* LaunchScreen.storyboard */; };
		57E09AB82109FBB1004BC9B5 /* AnimatedViewTests.swift in Sources */ = {isa = PBXBuildFile; fileRef = 57E09AB72109FBB1004BC9B5 /* AnimatedViewTests.swift */; };
		57E09AC32109FBB1004BC9B5 /* AnimatedViewUITests.swift in Sources */ = {isa = PBXBuildFile; fileRef = 57E09AC22109FBB1004BC9B5 /* AnimatedViewUITests.swift */; };
/* End PBXBuildFile section */

/* Begin PBXContainerItemProxy section */
		57E09AB42109FBB1004BC9B5 /* PBXContainerItemProxy */ = {
			isa = PBXContainerItemProxy;
			containerPortal = 57E09A972109FB9D004BC9B5 /* Project object */;
			proxyType = 1;
			remoteGlobalIDString = 57E09A9E2109FB9D004BC9B5;
			remoteInfo = AnimatedView;
		};
		57E09ABF2109FBB1004BC9B5 /* PBXContainerItemProxy */ = {
			isa = PBXContainerItemProxy;
			containerPortal = 57E09A972109FB9D004BC9B5 /* Project object */;
			proxyType = 1;
			remoteGlobalIDString = 57E09A9E2109FB9D004BC9B5;
			remoteInfo = AnimatedView;
		};
/* End PBXContainerItemProxy section */

/* Begin PBXFileReference section */
		57E09A9F2109FB9D004BC9B5 /* AnimatedView.app */ = {isa = PBXFileReference; explicitFileType = wrapper.application; includeInIndex = 0; path = AnimatedView.app; sourceTree = BUILT_PRODUCTS_DIR; };
		57E09AA22109FB9D004BC9B5 /* AppDelegate.swift */ = {isa = PBXFileReference; lastKnownFileType = sourcecode.swift; path = AppDelegate.swift; sourceTree = "<group>"; };
		57E09AA42109FB9D004BC9B5 /* ViewController.swift */ = {isa = PBXFileReference; lastKnownFileType = sourcecode.swift; path = ViewController.swift; sourceTree = "<group>"; };
		57E09AA72109FB9D004BC9B5 /* Base */ = {isa = PBXFileReference; lastKnownFileType = file.storyboard; name = Base; path = Base.lproj/Main.storyboard; sourceTree = "<group>"; };
		57E09AA92109FBB0004BC9B5 /* Assets.xcassets */ = {isa = PBXFileReference; lastKnownFileType = folder.assetcatalog; path = Assets.xcassets; sourceTree = "<group>"; };
		57E09AAC2109FBB1004BC9B5 /* Base */ = {isa = PBXFileReference; lastKnownFileType = file.storyboard; name = Base; path = Base.lproj/LaunchScreen.storyboard; sourceTree = "<group>"; };
		57E09AAE2109FBB1004BC9B5 /* Info.plist */ = {isa = PBXFileReference; lastKnownFileType = text.plist.xml; path = Info.plist; sourceTree = "<group>"; };
		57E09AB32109FBB1004BC9B5 /* AnimatedViewTests.xctest */ = {isa = PBXFileReference; explicitFileType = wrapper.cfbundle; includeInIndex = 0; path = AnimatedViewTests.xctest; sourceTree = BUILT_PRODUCTS_DIR; };
		57E09AB72109FBB1004BC9B5 /* AnimatedViewTests.swift */ = {isa = PBXFileReference; lastKnownFileType = sourcecode.swift; path = AnimatedViewTests.swift; sourceTree = "<group>"; };
		57E09AB92109FBB1004BC9B5 /* Info.plist */ = {isa = PBXFileReference; lastKnownFileType = text.plist.xml; path = Info.plist; sourceTree = "<group>"; };
		57E09ABE2109FBB1004BC9B5 /* AnimatedViewUITests.xctest */ = {isa = PBXFileReference; explicitFileType = wrapper.cfbundle; includeInIndex = 0; path = AnimatedViewUITests.xctest; sourceTree = BUILT_PRODUCTS_DIR; };
		57E09AC22109FBB1004BC9B5 /* AnimatedViewUITests.swift */ = {isa = PBXFileReference; lastKnownFileType = sourcecode.swift; path = AnimatedViewUITests.swift; sourceTree = "<group>"; };
		57E09AC42109FBB1004BC9B5 /* Info.plist */ = {isa = PBXFileReference; lastKnownFileType = text.plist.xml; path = Info.plist; sourceTree = "<group>"; };
/* End PBXFileReference section */

/* Begin PBXFrameworksBuildPhase section */
		57E09A9C2109FB9D004BC9B5 /* Frameworks */ = {
			isa = PBXFrameworksBuildPhase;
			buildActionMask = 2147483647;
			files = (
			);
			runOnlyForDeploymentPostprocessing = 0;
		};
		57E09AB02109FBB1004BC9B5 /* Frameworks */ = {
			isa = PBXFrameworksBuildPhase;
			buildActionMask = 2147483647;
			files = (
			);
			runOnlyForDeploymentPostprocessing = 0;
		};
		57E09ABB2109FBB1004BC9B5 /* Frameworks */ = {
			isa = PBXFrameworksBuildPhase;
			buildActionMask = 2147483647;
			files = (
			);
			runOnlyForDeploymentPostprocessing = 0;
		};
/* End PBXFrameworksBuildPhase section */

/* Begin PBXGroup section */
		57E09A962109FB9D004BC9B5 = {
			isa = PBXGroup;
			children = (
				57E09AA12109FB9D004BC9B5 /* AnimatedView */,
				57E09AB62109FBB1004BC9B5 /* AnimatedViewTests */,
				57E09AC12109FBB1004BC9B5 /* AnimatedViewUITests */,
				57E09AA02109FB9D004BC9B5 /* Products */,
			);
			sourceTree = "<group>";
		};
		57E09AA02109FB9D004BC9B5 /* Products */ = {
			isa = PBXGroup;
			children = (
				57E09A9F2109FB9D004BC9B5 /* AnimatedView.app */,
				57E09AB32109FBB1004BC9B5 /* AnimatedViewTests.xctest */,
				57E09ABE2109FBB1004BC9B5 /* AnimatedViewUITests.xctest */,
			);
			name = Products;
			sourceTree = "<group>";
		};
		57E09AA12109FB9D004BC9B5 /* AnimatedView */ = {
			isa = PBXGroup;
			children = (
				57E09AA22109FB9D004BC9B5 /* AppDelegate.swift */,
				57E09AA42109FB9D004BC9B5 /* ViewController.swift */,
				57E09AA62109FB9D004BC9B5 /* Main.storyboard */,
				57E09AA92109FBB0004BC9B5 /* Assets.xcassets */,
				57E09AAB2109FBB1004BC9B5 /* LaunchScreen.storyboard */,
				57E09AAE2109FBB1004BC9B5 /* Info.plist */,
			);
			path = AnimatedView;
			sourceTree = "<group>";
		};
		57E09AB62109FBB1004BC9B5 /* AnimatedViewTests */ = {
			isa = PBXGroup;
			children = (
				57E09AB72109FBB1004BC9B5 /* AnimatedViewTests.swift */,
				57E09AB92109FBB1004BC9B5 /* Info.plist */,
			);
			path = AnimatedViewTests;
			sourceTree = "<group>";
		};
		57E09AC12109FBB1004BC9B5 /* AnimatedViewUITests */ = {
			isa = PBXGroup;
			children = (
				57E09AC22109FBB1004BC9B5 /* AnimatedViewUITests.swift */,
				57E09AC42109FBB1004BC9B5 /* Info.plist */,
			);
			path = AnimatedViewUITests;
			sourceTree = "<group>";
		};
/* End PBXGroup section */

/* Begin PBXNativeTarget section */
		57E09A9E2109FB9D004BC9B5 /* AnimatedView */ = {
			isa = PBXNativeTarget;
			buildConfigurationList = 57E09AC72109FBB1004BC9B5 /* Build configuration list for PBXNativeTarget "AnimatedView" */;
			buildPhases = (
				57E09A9B2109FB9D004BC9B5 /* Sources */,
				57E09A9C2109FB9D004BC9B5 /* Frameworks */,
				57E09A9D2109FB9D004BC9B5 /* Resources */,
			);
			buildRules = (
			);
			dependencies = (
			);
			name = AnimatedView;
			productName = AnimatedView;
			productReference = 57E09A9F2109FB9D004BC9B5 /* AnimatedView.app */;
			productType = "com.apple.product-type.application";
		};
		57E09AB22109FBB1004BC9B5 /* AnimatedViewTests */ = {
			isa = PBXNativeTarget;
			buildConfigurationList = 57E09ACA2109FBB1004BC9B5 /* Build configuration list for PBXNativeTarget "AnimatedViewTests" */;
			buildPhases = (
				57E09AAF2109FBB1004BC9B5 /* Sources */,
				57E09AB02109FBB1004BC9B5 /* Frameworks */,
				57E09AB12109FBB1004BC9B5 /* Resources */,
			);
			buildRules = (
			);
			dependencies = (
				57E09AB52109FBB1004BC9B5 /* PBXTargetDependency */,
			);
			name = AnimatedViewTests;
			productName = AnimatedViewTests;
			productReference = 57E09AB32109FBB1004BC9B5 /* AnimatedViewTests.xctest */;
			productType = "com.apple.product-type.bundle.unit-test";
		};
		57E09ABD2109FBB1004BC9B5 /* AnimatedViewUITests */ = {
			isa = PBXNativeTarget;
			buildConfigurationList = 57E09ACD2109FBB1004BC9B5 /* Build configuration list for PBXNativeTarget "AnimatedViewUITests" */;
			buildPhases = (
				57E09ABA2109FBB1004BC9B5 /* Sources */,
				57E09ABB2109FBB1004BC9B5 /* Frameworks */,
				57E09ABC2109FBB1004BC9B5 /* Resources */,
			);
			buildRules = (
			);
			dependencies = (
				57E09AC02109FBB1004BC9B5 /* PBXTargetDependency */,
			);
			name = AnimatedViewUITests;
			productName = AnimatedViewUITests;
			productReference = 57E09ABE2109FBB1004BC9B5 /* AnimatedViewUITests.xctest */;
			productType = "com.apple.product-type.bundle.ui-testing";
		};
/* End PBXNativeTarget section */

/* Begin PBXProject section */
		57E09A972109FB9D004BC9B5 /* Project object */ = {
			isa = PBXProject;
			attributes = {
				LastSwiftUpdateCheck = 1000;
				LastUpgradeCheck = 1000;
				ORGANIZATIONNAME = sbyka;
				TargetAttributes = {
					57E09A9E2109FB9D004BC9B5 = {
						CreatedOnToolsVersion = 10.0;
					};
					57E09AB22109FBB1004BC9B5 = {
						CreatedOnToolsVersion = 10.0;
						TestTargetID = 57E09A9E2109FB9D004BC9B5;
					};
					57E09ABD2109FBB1004BC9B5 = {
						CreatedOnToolsVersion = 10.0;
						TestTargetID = 57E09A9E2109FB9D004BC9B5;
					};
				};
			};
			buildConfigurationList = 57E09A9A2109FB9D004BC9B5 /* Build configuration list for PBXProject "AnimatedView" */;
			compatibilityVersion = "Xcode 9.3";
			developmentRegion = en;
			hasScannedForEncodings = 0;
			knownRegions = (
				en,
				Base,
			);
			mainGroup = 57E09A962109FB9D004BC9B5;
			productRefGroup = 57E09AA02109FB9D004BC9B5 /* Products */;
			projectDirPath = "";
			projectRoot = "";
			targets = (
				57E09A9E2109FB9D004BC9B5 /* AnimatedView */,
				57E09AB22109FBB1004BC9B5 /* AnimatedViewTests */,
				57E09ABD2109FBB1004BC9B5 /* AnimatedViewUITests */,
			);
		};
/* End PBXProject section */

/* Begin PBXResourcesBuildPhase section */
		57E09A9D2109FB9D004BC9B5 /* Resources */ = {
			isa = PBXResourcesBuildPhase;
			buildActionMask = 2147483647;
			files = (
				57E09AAD2109FBB1004BC9B5 /* LaunchScreen.storyboard in Resources */,
				57E09AAA2109FBB0004BC9B5 /* Assets.xcassets in Resources */,
				57E09AA82109FB9D004BC9B5 /* Main.storyboard in Resources */,
			);
			runOnlyForDeploymentPostprocessing = 0;
		};
		57E09AB12109FBB1004BC9B5 /* Resources */ = {
			isa = PBXResourcesBuildPhase;
			buildActionMask = 2147483647;
			files = (
			);
			runOnlyForDeploymentPostprocessing = 0;
		};
		57E09ABC2109FBB1004BC9B5 /* Resources */ = {
			isa = PBXResourcesBuildPhase;
			buildActionMask = 2147483647;
			files = (
			);
			runOnlyForDeploymentPostprocessing = 0;
		};
/* End PBXResourcesBuildPhase section */

/* Begin PBXSourcesBuildPhase section */
		57E09A9B2109FB9D004BC9B5 /* Sources */ = {
			isa = PBXSourcesBuildPhase;
			buildActionMask = 2147483647;
			files = (
				57E09AA52109FB9D004BC9B5 /* ViewController.swift in Sources */,
				57E09AA32109FB9D004BC9B5 /* AppDelegate.swift in Sources */,
			);
			runOnlyForDeploymentPostprocessing = 0;
		};
		57E09AAF2109FBB1004BC9B5 /* Sources */ = {
			isa = PBXSourcesBuildPhase;
			buildActionMask = 2147483647;
			files = (
				57E09AB82109FBB1004BC9B5 /* AnimatedViewTests.swift in Sources */,
			);
			runOnlyForDeploymentPostprocessing = 0;
		};
		57E09ABA2109FBB1004BC9B5 /* Sources */ = {
			isa = PBXSourcesBuildPhase;
			buildActionMask = 2147483647;
			files = (
				57E09AC32109FBB1004BC9B5 /* AnimatedViewUITests.swift in Sources */,
			);
			runOnlyForDeploymentPostprocessing = 0;
		};
/* End PBXSourcesBuildPhase section */

/* Begin PBXTargetDependency section */
		57E09AB52109FBB1004BC9B5 /* PBXTargetDependency */ = {
			isa = PBXTargetDependency;
			target = 57E09A9E2109FB9D004BC9B5 /* AnimatedView */;
			targetProxy = 57E09AB42109FBB1004BC9B5 /* PBXContainerItemProxy */;
		};
		57E09AC02109FBB1004BC9B5 /* PBXTargetDependency */ = {
			isa = PBXTargetDependency;
			target = 57E09A9E2109FB9D004BC9B5 /* AnimatedView */;
			targetProxy = 57E09ABF2109FBB1004BC9B5 /* PBXContainerItemProxy */;
		};
/* End PBXTargetDependency section */

/* Begin PBXVariantGroup section */
		57E09AA62109FB9D004BC9B5 /* Main.storyboard */ = {
			isa = PBXVariantGroup;
			children = (
				57E09AA72109FB9D004BC9B5 /* Base */,
			);
			name = Main.storyboard;
			sourceTree = "<group>";
		};
		57E09AAB2109FBB1004BC9B5 /* LaunchScreen.storyboard */ = {
			isa = PBXVariantGroup;
			children = (
				57E09AAC2109FBB1004BC9B5 /* Base */,
			);
			name = LaunchScreen.storyboard;
			sourceTree = "<group>";
		};
/* End PBXVariantGroup section */

/* Begin XCBuildConfiguration section */
		57E09AC52109FBB1004BC9B5 /* Debug */ = {
			isa = XCBuildConfiguration;
			buildSettings = {
				ALWAYS_SEARCH_USER_PATHS = NO;
				CLANG_ANALYZER_NONNULL = YES;
				CLANG_ANALYZER_NUMBER_OBJECT_CONVERSION = YES_AGGRESSIVE;
				CLANG_CXX_LANGUAGE_STANDARD = "gnu++14";
				CLANG_CXX_LIBRARY = "libc++";
				CLANG_ENABLE_MODULES = YES;
				CLANG_ENABLE_OBJC_ARC = YES;
				CLANG_ENABLE_OBJC_WEAK = YES;
				CLANG_WARN_BLOCK_CAPTURE_AUTORELEASING = YES;
				CLANG_WARN_BOOL_CONVERSION = YES;
				CLANG_WARN_COMMA = YES;
				CLANG_WARN_CONSTANT_CONVERSION = YES;
				CLANG_WARN_DEPRECATED_OBJC_IMPLEMENTATIONS = YES;
				CLANG_WARN_DIRECT_OBJC_ISA_USAGE = YES_ERROR;
				CLANG_WARN_DOCUMENTATION_COMMENTS = YES;
				CLANG_WARN_EMPTY_BODY = YES;
				CLANG_WARN_ENUM_CONVERSION = YES;
				CLANG_WARN_INFINITE_RECURSION = YES;
				CLANG_WARN_INT_CONVERSION = YES;
				CLANG_WARN_NON_LITERAL_NULL_CONVERSION = YES;
				CLANG_WARN_OBJC_IMPLICIT_RETAIN_SELF = YES;
				CLANG_WARN_OBJC_LITERAL_CONVERSION = YES;
				CLANG_WARN_OBJC_ROOT_CLASS = YES_ERROR;
				CLANG_WARN_RANGE_LOOP_ANALYSIS = YES;
				CLANG_WARN_STRICT_PROTOTYPES = YES;
				CLANG_WARN_SUSPICIOUS_MOVE = YES;
				CLANG_WARN_UNGUARDED_AVAILABILITY = YES_AGGRESSIVE;
				CLANG_WARN_UNREACHABLE_CODE = YES;
				CLANG_WARN__DUPLICATE_METHOD_MATCH = YES;
				CODE_SIGN_IDENTITY = "iPhone Developer";
				COPY_PHASE_STRIP = NO;
				DEBUG_INFORMATION_FORMAT = dwarf;
				ENABLE_STRICT_OBJC_MSGSEND = YES;
				ENABLE_TESTABILITY = YES;
				GCC_C_LANGUAGE_STANDARD = gnu11;
				GCC_DYNAMIC_NO_PIC = NO;
				GCC_NO_COMMON_BLOCKS = YES;
				GCC_OPTIMIZATION_LEVEL = 0;
				GCC_PREPROCESSOR_DEFINITIONS = (
					"DEBUG=1",
					"$(inherited)",
				);
				GCC_WARN_64_TO_32_BIT_CONVERSION = YES;
				GCC_WARN_ABOUT_RETURN_TYPE = YES_ERROR;
				GCC_WARN_UNDECLARED_SELECTOR = YES;
				GCC_WARN_UNINITIALIZED_AUTOS = YES_AGGRESSIVE;
				GCC_WARN_UNUSED_FUNCTION = YES;
				GCC_WARN_UNUSED_VARIABLE = YES;
				IPHONEOS_DEPLOYMENT_TARGET = 12.0;
				MTL_ENABLE_DEBUG_INFO = INCLUDE_SOURCE;
				MTL_FAST_MATH = YES;
				ONLY_ACTIVE_ARCH = YES;
				SDKROOT = iphoneos;
				SWIFT_ACTIVE_COMPILATION_CONDITIONS = DEBUG;
				SWIFT_OPTIMIZATION_LEVEL = "-Onone";
			};
			name = Debug;
		};
		57E09AC62109FBB1004BC9B5 /* Release */ = {
			isa = XCBuildConfiguration;
			buildSettings = {
				ALWAYS_SEARCH_USER_PATHS = NO;
				CLANG_ANALYZER_NONNULL = YES;
				CLANG_ANALYZER_NUMBER_OBJECT_CONVERSION = YES_AGGRESSIVE;
				CLANG_CXX_LANGUAGE_STANDARD = "gnu++14";
				CLANG_CXX_LIBRARY = "libc++";
				CLANG_ENABLE_MODULES = YES;
				CLANG_ENABLE_OBJC_ARC = YES;
				CLANG_ENABLE_OBJC_WEAK = YES;
				CLANG_WARN_BLOCK_CAPTURE_AUTORELEASING = YES;
				CLANG_WARN_BOOL_CONVERSION = YES;
				CLANG_WARN_COMMA = YES;
				CLANG_WARN_CONSTANT_CONVERSION = YES;
				CLANG_WARN_DEPRECATED_OBJC_IMPLEMENTATIONS = YES;
				CLANG_WARN_DIRECT_OBJC_ISA_USAGE = YES_ERROR;
				CLANG_WARN_DOCUMENTATION_COMMENTS = YES;
				CLANG_WARN_EMPTY_BODY = YES;
				CLANG_WARN_ENUM_CONVERSION = YES;
				CLANG_WARN_INFINITE_RECURSION = YES;
				CLANG_WARN_INT_CONVERSION = YES;
				CLANG_WARN_NON_LITERAL_NULL_CONVERSION = YES;
				CLANG_WARN_OBJC_IMPLICIT_RETAIN_SELF = YES;
				CLANG_WARN_OBJC_LITERAL_CONVERSION = YES;
				CLANG_WARN_OBJC_ROOT_CLASS = YES_ERROR;
				CLANG_WARN_RANGE_LOOP_ANALYSIS = YES;
				CLANG_WARN_STRICT_PROTOTYPES = YES;
				CLANG_WARN_SUSPICIOUS_MOVE = YES;
				CLANG_WARN_UNGUARDED_AVAILABILITY = YES_AGGRESSIVE;
				CLANG_WARN_UNREACHABLE_CODE = YES;
				CLANG_WARN__DUPLICATE_METHOD_MATCH = YES;
				CODE_SIGN_IDENTITY = "iPhone Developer";
				COPY_PHASE_STRIP = NO;
				DEBUG_INFORMATION_FORMAT = "dwarf-with-dsym";
				ENABLE_NS_ASSERTIONS = NO;
				ENABLE_STRICT_OBJC_MSGSEND = YES;
				GCC_C_LANGUAGE_STANDARD = gnu11;
				GCC_NO_COMMON_BLOCKS = YES;
				GCC_WARN_64_TO_32_BIT_CONVERSION = YES;
				GCC_WARN_ABOUT_RETURN_TYPE = YES_ERROR;
				GCC_WARN_UNDECLARED_SELECTOR = YES;
				GCC_WARN_UNINITIALIZED_AUTOS = YES_AGGRESSIVE;
				GCC_WARN_UNUSED_FUNCTION = YES;
				GCC_WARN_UNUSED_VARIABLE = YES;
				IPHONEOS_DEPLOYMENT_TARGET = 12.0;
				MTL_ENABLE_DEBUG_INFO = NO;
				MTL_FAST_MATH = YES;
				SDKROOT = iphoneos;
				SWIFT_COMPILATION_MODE = wholemodule;
				SWIFT_OPTIMIZATION_LEVEL = "-O";
				VALIDATE_PRODUCT = YES;
			};
			name = Release;
		};
		57E09AC82109FBB1004BC9B5 /* Debug */ = {
			isa = XCBuildConfiguration;
			buildSettings = {
				ASSETCATALOG_COMPILER_APPICON_NAME = AppIcon;
				CODE_SIGN_STYLE = Automatic;
				DEVELOPMENT_TEAM = 69VV5SNA8N;
				INFOPLIST_FILE = AnimatedView/Info.plist;
				LD_RUNPATH_SEARCH_PATHS = (
					"$(inherited)",
					"@executable_path/Frameworks",
				);
				PRODUCT_BUNDLE_IDENTIFIER = "JNET-technologies.AnimatedView";
				PRODUCT_NAME = "$(TARGET_NAME)";
				SWIFT_VERSION = 4.2;
				TARGETED_DEVICE_FAMILY = "1,2";
			};
			name = Debug;
		};
		57E09AC92109FBB1004BC9B5 /* Release */ = {
			isa = XCBuildConfiguration;
			buildSettings = {
				ASSETCATALOG_COMPILER_APPICON_NAME = AppIcon;
				CODE_SIGN_STYLE = Automatic;
				DEVELOPMENT_TEAM = 69VV5SNA8N;
				INFOPLIST_FILE = AnimatedView/Info.plist;
				LD_RUNPATH_SEARCH_PATHS = (
					"$(inherited)",
					"@executable_path/Frameworks",
				);
				PRODUCT_BUNDLE_IDENTIFIER = "JNET-technologies.AnimatedView";
				PRODUCT_NAME = "$(TARGET_NAME)";
				SWIFT_VERSION = 4.2;
				TARGETED_DEVICE_FAMILY = "1,2";
			};
			name = Release;
		};
		57E09ACB2109FBB1004BC9B5 /* Debug */ = {
			isa = XCBuildConfiguration;
			buildSettings = {
				ALWAYS_EMBED_SWIFT_STANDARD_LIBRARIES = YES;
				BUNDLE_LOADER = "$(TEST_HOST)";
				CODE_SIGN_STYLE = Automatic;
				INFOPLIST_FILE = AnimatedViewTests/Info.plist;
				LD_RUNPATH_SEARCH_PATHS = (
					"$(inherited)",
					"@executable_path/Frameworks",
					"@loader_path/Frameworks",
				);
				PRODUCT_BUNDLE_IDENTIFIER = "JNET-technologies.AnimatedViewTests";
				PRODUCT_NAME = "$(TARGET_NAME)";
				SWIFT_VERSION = 4.2;
				TARGETED_DEVICE_FAMILY = "1,2";
				TEST_HOST = "$(BUILT_PRODUCTS_DIR)/AnimatedView.app/AnimatedView";
			};
			name = Debug;
		};
		57E09ACC2109FBB1004BC9B5 /* Release */ = {
			isa = XCBuildConfiguration;
			buildSettings = {
				ALWAYS_EMBED_SWIFT_STANDARD_LIBRARIES = YES;
				BUNDLE_LOADER = "$(TEST_HOST)";
				CODE_SIGN_STYLE = Automatic;
				INFOPLIST_FILE = AnimatedViewTests/Info.plist;
				LD_RUNPATH_SEARCH_PATHS = (
					"$(inherited)",
					"@executable_path/Frameworks",
					"@loader_path/Frameworks",
				);
				PRODUCT_BUNDLE_IDENTIFIER = "JNET-technologies.AnimatedViewTests";
				PRODUCT_NAME = "$(TARGET_NAME)";
				SWIFT_VERSION = 4.2;
				TARGETED_DEVICE_FAMILY = "1,2";
				TEST_HOST = "$(BUILT_PRODUCTS_DIR)/AnimatedView.app/AnimatedView";
			};
			name = Release;
		};
		57E09ACE2109FBB1004BC9B5 /* Debug */ = {
			isa = XCBuildConfiguration;
			buildSettings = {
				ALWAYS_EMBED_SWIFT_STANDARD_LIBRARIES = YES;
				CODE_SIGN_STYLE = Automatic;
				INFOPLIST_FILE = AnimatedViewUITests/Info.plist;
				LD_RUNPATH_SEARCH_PATHS = (
					"$(inherited)",
					"@executable_path/Frameworks",
					"@loader_path/Frameworks",
				);
				PRODUCT_BUNDLE_IDENTIFIER = "JNET-technologies.AnimatedViewUITests";
				PRODUCT_NAME = "$(TARGET_NAME)";
				SWIFT_VERSION = 4.2;
				TARGETED_DEVICE_FAMILY = "1,2";
				TEST_TARGET_NAME = AnimatedView;
			};
			name = Debug;
		};
		57E09ACF2109FBB1004BC9B5 /* Release */ = {
			isa = XCBuildConfiguration;
			buildSettings = {
				ALWAYS_EMBED_SWIFT_STANDARD_LIBRARIES = YES;
				CODE_SIGN_STYLE = Automatic;
				INFOPLIST_FILE = AnimatedViewUITests/Info.plist;
				LD_RUNPATH_SEARCH_PATHS = (
					"$(inherited)",
					"@executable_path/Frameworks",
					"@loader_path/Frameworks",
				);
				PRODUCT_BUNDLE_IDENTIFIER = "JNET-technologies.AnimatedViewUITests";
				PRODUCT_NAME = "$(TARGET_NAME)";
				SWIFT_VERSION = 4.2;
				TARGETED_DEVICE_FAMILY = "1,2";
				TEST_TARGET_NAME = AnimatedView;
			};
			name = Release;
		};
/* End XCBuildConfiguration section */

/* Begin XCConfigurationList section */
		57E09A9A2109FB9D004BC9B5 /* Build configuration list for PBXProject "AnimatedView" */ = {
			isa = XCConfigurationList;
			buildConfigurations = (
				57E09AC52109FBB1004BC9B5 /* Debug */,
				57E09AC62109FBB1004BC9B5 /* Release */,
			);
			defaultConfigurationIsVisible = 0;
			defaultConfigurationName = Release;
		};
		57E09AC72109FBB1004BC9B5 /* Build configuration list for PBXNativeTarget "AnimatedView" */ = {
			isa = XCConfigurationList;
			buildConfigurations = (
				57E09AC82109FBB1004BC9B5 /* Debug */,
				57E09AC92109FBB1004BC9B5 /* Release */,
			);
			defaultConfigurationIsVisible = 0;
			defaultConfigurationName = Release;
		};
		57E09ACA2109FBB1004BC9B5 /* Build configuration list for PBXNativeTarget "AnimatedViewTests" */ = {
			isa = XCConfigurationList;
			buildConfigurations = (
				57E09ACB2109FBB1004BC9B5 /* Debug */,
				57E09ACC2109FBB1004BC9B5 /* Release */,
			);
			defaultConfigurationIsVisible = 0;
			defaultConfigurationName = Release;
		};
		57E09ACD2109FBB1004BC9B5 /* Build configuration list for PBXNativeTarget "AnimatedViewUITests" */ = {
			isa = XCConfigurationList;
			buildConfigurations = (
				57E09ACE2109FBB1004BC9B5 /* Debug */,
				57E09ACF2109FBB1004BC9B5 /* Release */,
			);
			defaultConfigurationIsVisible = 0;
			defaultConfigurationName = Release;
		};
/* End XCConfigurationList section */
	};
	rootObject = 57E09A972109FB9D004BC9B5 /* Project object */;
}
